{
  "pins" : [
    {
      "identity" : "devicekit",
      "kind" : "remoteSourceControl",
      "location" : "https://github.com/devicekit/DeviceKit",
      "state" : {
        "revision" : "56b997e8a61707218f9af09f32b2a1d1806fd792",
        "version" : "5.8.0"
      }
    },
    {
      "identity" : "inputbaraccessoryview",
      "kind" : "remoteSourceControl",
      "location" : "https://github.com/nathantannar4/InputBarAccessoryView",
      "state" : {
        "revision" : "093bdc71dc26bfcdaa71352d5ff0cd84b9b8d427",
        "version" : "6.4.0"
      }
    },
    {
      "identity" : "kingfisher",
      "kind" : "remoteSourceControl",
      "location" : "https://github.com/onevcat/Kingfisher",
      "state" : {
        "revision" : "c152c1915f60c51e4afa0752656993ee5b3c63db",
        "version" : "8.8.1"
      }
    },
    {
      "identity" : "letteravatarkit",
      "kind" : "remoteSourceControl",
      "location" : "https://github.com/vpeschenkov/LetterAvatarKit",
      "state" : {
        "revision" : "fe5af34383384668dcd28525bd62934eab229d4a",
        "version" : "1.2.5"
      }
    },
    {
      "identity" : "messagekit",
      "kind" : "remoteSourceControl",
      "location" : "https://github.com/MessageKit/MessageKit",
      "state" : {
        "revision" : "1993e8e90d4e9a61b8d9bc8ceb733964ce943376",
        "version" : "4.2.0"
      }
    },
    {
      "identity" : "swiftmessages",
      "kind" : "remoteSourceControl",
      "location" : "https://github.com/SwiftKickMobile/SwiftMessages",
      "state" : {
        "revision" : "c0ff6c65bfc00e6a707957cb7069988c5cde2a30",
        "version" : "10.0.2"
      }
    }
  ],
  "version" : 2
}
